
Microsoft Visual Studio Solution File, Format Version 12.00
# Visual Studio Version 17
VisualStudioVersion = 17.0.31903.59
MinimumVisualStudioVersion = 10.0.40219.1
Project("{FAE04EC0-301F-11D3-BF4B-00C04F79EFBC}") = "API", "API\API.csproj", "{7A189FBD-62C6-4896-9424-970EC9E43680}"
EndProject
Project("{FAE04EC0-301F-11D3-BF4B-00C04F79EFBC}") = "Core", "Core\Core.csproj", "{5F17B213-89B3-4720-B7F2-B54964A7416D}"
EndProject
Project("{FAE04EC0-301F-11D3-BF4B-00C04F79EFBC}") = "Infrastructure", "Infrastructure\Infrastructure.csproj", "{66199726-9B0E-42BF-B772-666BDF51620A}"
EndProject
Global
	GlobalSection(SolutionConfigurationPlatforms) = preSolution
		Debug|Any CPU = Debug|Any CPU
		Release|Any CPU = Release|Any CPU
	EndGlobalSection
	GlobalSection(SolutionProperties) = preSolution
		HideSolutionNode = FALSE
	EndGlobalSection
	GlobalSection(ProjectConfigurationPlatforms) = postSolution
		{7A189FBD-62C6-4896-9424-970EC9E43680}.Debug|Any CPU.ActiveCfg = Debug|Any CPU
		{7A189FBD-62C6-4896-9424-970EC9E43680}.Debug|Any CPU.Build.0 = Debug|Any CPU
		{7A189FBD-62C6-4896-9424-970EC9E43680}.Release|Any CPU.ActiveCfg = Release|Any CPU
		{7A189FBD-62C6-4896-9424-970EC9E43680}.Release|Any CPU.Build.0 = Release|Any CPU
		{5F17B213-89B3-4720-B7F2-B54964A7416D}.Debug|Any CPU.ActiveCfg = Debug|Any CPU
		{5F17B213-89B3-4720-B7F2-B54964A7416D}.Debug|Any CPU.Build.0 = Debug|Any CPU
		{5F17B213-89B3-4720-B7F2-B54964A7416D}.Release|Any CPU.ActiveCfg = Release|Any CPU
		{5F17B213-89B3-4720-B7F2-B54964A7416D}.Release|Any CPU.Build.0 = Release|Any CPU
		{66199726-9B0E-42BF-B772-666BDF51620A}.Debug|Any CPU.ActiveCfg = Debug|Any CPU
		{66199726-9B0E-42BF-B772-666BDF51620A}.Debug|Any CPU.Build.0 = Debug|Any CPU
		{66199726-9B0E-42BF-B772-666BDF51620A}.Release|Any CPU.ActiveCfg = Release|Any CPU
		{66199726-9B0E-42BF-B772-666BDF51620A}.Release|Any CPU.Build.0 = Release|Any CPU
	EndGlobalSection
EndGlobal
